
Microsoft Visual Studio Solution File, Format Version 12.00
# Visual Studio 2015
Project("{FAE04EC0-301F-11D3-BF4B-00C04F79EFBC}") = "Macabre-III.CSharp.Plugins", "Macabre-III.CSharp.Plugins.csproj", "{DC0CC870-506A-E746-35CB-F317635D6694}"
EndProject
Project("{FAE04EC0-301F-11D3-BF4B-00C04F79EFBC}") = "Macabre-III.CSharp", "Macabre-III.CSharp.csproj", "{1F75184F-4989-9507-AE90-39D781AE59B3}"
EndProject
Project("{FAE04EC0-301F-11D3-BF4B-00C04F79EFBC}") = "Macabre-III.CSharp.Editor", "Macabre-III.CSharp.Editor.csproj", "{A0D01338-67D9-5EC1-0899-9F2DE7CA4D76}"
EndProject
Global
	GlobalSection(SolutionConfigurationPlatforms) = preSolution
		Debug|Any CPU = Debug|Any CPU
		Release|Any CPU = Release|Any CPU
	EndGlobalSection
	GlobalSection(ProjectConfigurationPlatforms) = postSolution
		{DC0CC870-506A-E746-35CB-F317635D6694}.Debug|Any CPU.ActiveCfg = Debug|Any CPU
		{DC0CC870-506A-E746-35CB-F317635D6694}.Debug|Any CPU.Build.0 = Debug|Any CPU
		{DC0CC870-506A-E746-35CB-F317635D6694}.Release|Any CPU.ActiveCfg = Release|Any CPU
		{DC0CC870-506A-E746-35CB-F317635D6694}.Release|Any CPU.Build.0 = Release|Any CPU
		{1F75184F-4989-9507-AE90-39D781AE59B3}.Debug|Any CPU.ActiveCfg = Debug|Any CPU
		{1F75184F-4989-9507-AE90-39D781AE59B3}.Debug|Any CPU.Build.0 = Debug|Any CPU
		{1F75184F-4989-9507-AE90-39D781AE59B3}.Release|Any CPU.ActiveCfg = Release|Any CPU
		{1F75184F-4989-9507-AE90-39D781AE59B3}.Release|Any CPU.Build.0 = Release|Any CPU
		{A0D01338-67D9-5EC1-0899-9F2DE7CA4D76}.Debug|Any CPU.ActiveCfg = Debug|Any CPU
		{A0D01338-67D9-5EC1-0899-9F2DE7CA4D76}.Debug|Any CPU.Build.0 = Debug|Any CPU
		{A0D01338-67D9-5EC1-0899-9F2DE7CA4D76}.Release|Any CPU.ActiveCfg = Release|Any CPU
		{A0D01338-67D9-5EC1-0899-9F2DE7CA4D76}.Release|Any CPU.Build.0 = Release|Any CPU
	EndGlobalSection
	GlobalSection(SolutionProperties) = preSolution
		HideSolutionNode = FALSE
	EndGlobalSection
EndGlobal
