
Microsoft Visual Studio Solution File, Format Version 12.00
# Visual Studio 2015
Project("{FAE04EC0-301F-11D3-BF4B-00C04F79EFBC}") = "Macabre.CSharp.Plugins", "Macabre.CSharp.Plugins.csproj", "{44F64583-ED7C-4106-2575-6D687D3D0ED4}"
EndProject
Project("{FAE04EC0-301F-11D3-BF4B-00C04F79EFBC}") = "Macabre.CSharp", "Macabre.CSharp.csproj", "{5A7FCBC0-C7FB-0B05-E48A-3E8FAC8422C6}"
EndProject
Project("{FAE04EC0-301F-11D3-BF4B-00C04F79EFBC}") = "Macabre.CSharp.Editor.Plugins", "Macabre.CSharp.Editor.Plugins.csproj", "{E001EDA5-2F39-BA3C-A81B-CAF62FD228C8}"
EndProject
Project("{FAE04EC0-301F-11D3-BF4B-00C04F79EFBC}") = "Macabre.CSharp.Editor", "Macabre.CSharp.Editor.csproj", "{FDB6F923-3BFC-D712-F21F-A2945F1E94FC}"
EndProject
Global
	GlobalSection(SolutionConfigurationPlatforms) = preSolution
		Debug|Any CPU = Debug|Any CPU
		Release|Any CPU = Release|Any CPU
	EndGlobalSection
	GlobalSection(ProjectConfigurationPlatforms) = postSolution
		{44F64583-ED7C-4106-2575-6D687D3D0ED4}.Debug|Any CPU.ActiveCfg = Debug|Any CPU
		{44F64583-ED7C-4106-2575-6D687D3D0ED4}.Debug|Any CPU.Build.0 = Debug|Any CPU
		{44F64583-ED7C-4106-2575-6D687D3D0ED4}.Release|Any CPU.ActiveCfg = Release|Any CPU
		{44F64583-ED7C-4106-2575-6D687D3D0ED4}.Release|Any CPU.Build.0 = Release|Any CPU
		{5A7FCBC0-C7FB-0B05-E48A-3E8FAC8422C6}.Debug|Any CPU.ActiveCfg = Debug|Any CPU
		{5A7FCBC0-C7FB-0B05-E48A-3E8FAC8422C6}.Debug|Any CPU.Build.0 = Debug|Any CPU
		{5A7FCBC0-C7FB-0B05-E48A-3E8FAC8422C6}.Release|Any CPU.ActiveCfg = Release|Any CPU
		{5A7FCBC0-C7FB-0B05-E48A-3E8FAC8422C6}.Release|Any CPU.Build.0 = Release|Any CPU
		{E001EDA5-2F39-BA3C-A81B-CAF62FD228C8}.Debug|Any CPU.ActiveCfg = Debug|Any CPU
		{E001EDA5-2F39-BA3C-A81B-CAF62FD228C8}.Debug|Any CPU.Build.0 = Debug|Any CPU
		{E001EDA5-2F39-BA3C-A81B-CAF62FD228C8}.Release|Any CPU.ActiveCfg = Release|Any CPU
		{E001EDA5-2F39-BA3C-A81B-CAF62FD228C8}.Release|Any CPU.Build.0 = Release|Any CPU
		{FDB6F923-3BFC-D712-F21F-A2945F1E94FC}.Debug|Any CPU.ActiveCfg = Debug|Any CPU
		{FDB6F923-3BFC-D712-F21F-A2945F1E94FC}.Debug|Any CPU.Build.0 = Debug|Any CPU
		{FDB6F923-3BFC-D712-F21F-A2945F1E94FC}.Release|Any CPU.ActiveCfg = Release|Any CPU
		{FDB6F923-3BFC-D712-F21F-A2945F1E94FC}.Release|Any CPU.Build.0 = Release|Any CPU
	EndGlobalSection
	GlobalSection(SolutionProperties) = preSolution
		HideSolutionNode = FALSE
	EndGlobalSection
EndGlobal
