
Microsoft Visual Studio Solution File, Format Version 12.00
# Visual Studio 2017
Project("{FAE04EC0-301F-11D3-BF4B-00C04F79EFBC}") = "Macabre.Plugins", "Macabre.Plugins.csproj", "{14CF6E79-B842-8C6D-A653-C366BC2647B5}"
EndProject
Project("{FAE04EC0-301F-11D3-BF4B-00C04F79EFBC}") = "Macabre", "Macabre.csproj", "{7C71D10C-BAFE-2E98-3D3C-DA596862A465}"
EndProject
Project("{FAE04EC0-301F-11D3-BF4B-00C04F79EFBC}") = "Macabre.Editor.Plugins", "Macabre.Editor.Plugins.csproj", "{F2074759-0614-C74C-EC2A-1666324CAB6F}"
EndProject
Project("{FAE04EC0-301F-11D3-BF4B-00C04F79EFBC}") = "Macabre.Editor", "Macabre.Editor.csproj", "{796F4E34-CBCB-C43D-8FE1-A969AC31D9BD}"
EndProject
Global
	GlobalSection(SolutionConfigurationPlatforms) = preSolution
		Debug|Any CPU = Debug|Any CPU
		Release|Any CPU = Release|Any CPU
	EndGlobalSection
	GlobalSection(ProjectConfigurationPlatforms) = postSolution
		{14CF6E79-B842-8C6D-A653-C366BC2647B5}.Debug|Any CPU.ActiveCfg = Debug|Any CPU
		{14CF6E79-B842-8C6D-A653-C366BC2647B5}.Debug|Any CPU.Build.0 = Debug|Any CPU
		{14CF6E79-B842-8C6D-A653-C366BC2647B5}.Release|Any CPU.ActiveCfg = Release|Any CPU
		{14CF6E79-B842-8C6D-A653-C366BC2647B5}.Release|Any CPU.Build.0 = Release|Any CPU
		{7C71D10C-BAFE-2E98-3D3C-DA596862A465}.Debug|Any CPU.ActiveCfg = Debug|Any CPU
		{7C71D10C-BAFE-2E98-3D3C-DA596862A465}.Debug|Any CPU.Build.0 = Debug|Any CPU
		{7C71D10C-BAFE-2E98-3D3C-DA596862A465}.Release|Any CPU.ActiveCfg = Release|Any CPU
		{7C71D10C-BAFE-2E98-3D3C-DA596862A465}.Release|Any CPU.Build.0 = Release|Any CPU
		{F2074759-0614-C74C-EC2A-1666324CAB6F}.Debug|Any CPU.ActiveCfg = Debug|Any CPU
		{F2074759-0614-C74C-EC2A-1666324CAB6F}.Debug|Any CPU.Build.0 = Debug|Any CPU
		{F2074759-0614-C74C-EC2A-1666324CAB6F}.Release|Any CPU.ActiveCfg = Release|Any CPU
		{F2074759-0614-C74C-EC2A-1666324CAB6F}.Release|Any CPU.Build.0 = Release|Any CPU
		{796F4E34-CBCB-C43D-8FE1-A969AC31D9BD}.Debug|Any CPU.ActiveCfg = Debug|Any CPU
		{796F4E34-CBCB-C43D-8FE1-A969AC31D9BD}.Debug|Any CPU.Build.0 = Debug|Any CPU
		{796F4E34-CBCB-C43D-8FE1-A969AC31D9BD}.Release|Any CPU.ActiveCfg = Release|Any CPU
		{796F4E34-CBCB-C43D-8FE1-A969AC31D9BD}.Release|Any CPU.Build.0 = Release|Any CPU
	EndGlobalSection
	GlobalSection(SolutionProperties) = preSolution
		HideSolutionNode = FALSE
	EndGlobalSection
EndGlobal
